
Microsoft Visual Studio Solution File, Format Version 12.00
# Visual Studio Version 17
VisualStudioVersion = 17.5.33627.172
MinimumVisualStudioVersion = 10.0.40219.1
Project("{FAE04EC0-301F-11D3-BF4B-00C04F79EFBC}") = "CLI RepoSolutionHelper", "CLI RepoSolutionHelper\CLI RepoSolutionHelper.csproj", "{0344F71A-6CC9-4475-BF30-D5313CB6FAA2}"
EndProject
Project("{F2A71F9B-5D33-465A-A702-920D77279786}") = "RepositorySolutionScanner", "RepositorySolutionScanner\RepositorySolutionScanner.fsproj", "{E44703B7-D5A6-4F97-A678-FA1025A2F7C5}"
EndProject
Global
	GlobalSection(SolutionConfigurationPlatforms) = preSolution
		Debug|Any CPU = Debug|Any CPU
		Release|Any CPU = Release|Any CPU
	EndGlobalSection
	GlobalSection(ProjectConfigurationPlatforms) = postSolution
		{0344F71A-6CC9-4475-BF30-D5313CB6FAA2}.Debug|Any CPU.ActiveCfg = Debug|Any CPU
		{0344F71A-6CC9-4475-BF30-D5313CB6FAA2}.Debug|Any CPU.Build.0 = Debug|Any CPU
		{0344F71A-6CC9-4475-BF30-D5313CB6FAA2}.Release|Any CPU.ActiveCfg = Release|Any CPU
		{0344F71A-6CC9-4475-BF30-D5313CB6FAA2}.Release|Any CPU.Build.0 = Release|Any CPU
		{E44703B7-D5A6-4F97-A678-FA1025A2F7C5}.Debug|Any CPU.ActiveCfg = Debug|Any CPU
		{E44703B7-D5A6-4F97-A678-FA1025A2F7C5}.Debug|Any CPU.Build.0 = Debug|Any CPU
		{E44703B7-D5A6-4F97-A678-FA1025A2F7C5}.Release|Any CPU.ActiveCfg = Release|Any CPU
		{E44703B7-D5A6-4F97-A678-FA1025A2F7C5}.Release|Any CPU.Build.0 = Release|Any CPU
	EndGlobalSection
	GlobalSection(SolutionProperties) = preSolution
		HideSolutionNode = FALSE
	EndGlobalSection
	GlobalSection(ExtensibilityGlobals) = postSolution
		SolutionGuid = {7E6EEB07-ADD2-4E48-8EBE-F3A63AA3E9BA}
	EndGlobalSection
EndGlobal
